// !$*UTF8*$!
{
	archiveVersion = 1;
	classes = {
	};
	objectVersion = 56;
	objects = {

/* Begin PBXBuildFile section */
		4A328D082C7618A900FEE739 /* bluemoon123App.swift in Sources */ = {isa = PBXBuildFile; fileRef = 4A328D072C7618A900FEE739 /* bluemoon123App.swift */; };
		4A328D0A2C7618A900FEE739 /* ContentView.swift in Sources */ = {isa = PBXBuildFile; fileRef = 4A328D092C7618A900FEE739 /* ContentView.swift */; };
		4A328D0C2C7618AA00FEE739 /* Assets.xcassets in Resources */ = {isa = PBXBuildFile; fileRef = 4A328D0B2C7618AA00FEE739 /* Assets.xcassets */; };
		4A328D0F2C7618AA00FEE739 /* Preview Assets.xcassets in Resources */ = {isa = PBXBuildFile; fileRef = 4A328D0E2C7618AA00FEE739 /* Preview Assets.xcassets */; };
		4A328D192C7618AA00FEE739 /* bluemoon123Tests.swift in Sources */ = {isa = PBXBuildFile; fileRef = 4A328D182C7618AA00FEE739 /* bluemoon123Tests.swift */; };
		4A328D232C7618AA00FEE739 /* bluemoon123UITests.swift in Sources */ = {isa = PBXBuildFile; fileRef = 4A328D222C7618AA00FEE739 /* bluemoon123UITests.swift */; };
		4A328D252C7618AA00FEE739 /* bluemoon123UITestsLaunchTests.swift in Sources */ = {isa = PBXBuildFile; fileRef = 4A328D242C7618AA00FEE739 /* bluemoon123UITestsLaunchTests.swift */; };
/* End PBXBuildFile section */

/* Begin PBXContainerItemProxy section */
		4A328D152C7618AA00FEE739 /* PBXContainerItemProxy */ = {
			isa = PBXContainerItemProxy;
			containerPortal = 4A328CFC2C7618A800FEE739 /* Project object */;
			proxyType = 1;
			remoteGlobalIDString = 4A328D032C7618A800FEE739;
			remoteInfo = bluemoon123;
		};
		4A328D1F2C7618AA00FEE739 /* PBXContainerItemProxy */ = {
			isa = PBXContainerItemProxy;
			containerPortal = 4A328CFC2C7618A800FEE739 /* Project object */;
			proxyType = 1;
			remoteGlobalIDString = 4A328D032C7618A800FEE739;
			remoteInfo = bluemoon123;
		};
/* End PBXContainerItemProxy section */

/* Begin PBXFileReference section */
		4A328D042C7618A800FEE739 /* bluemoon123.app */ = {isa = PBXFileReference; explicitFileType = wrapper.application; includeInIndex = 0; path = bluemoon123.app; sourceTree = BUILT_PRODUCTS_DIR; };
		4A328D072C7618A900FEE739 /* bluemoon123App.swift */ = {isa = PBXFileReference; lastKnownFileType = sourcecode.swift; path = bluemoon123App.swift; sourceTree = "<group>"; };
		4A328D092C7618A900FEE739 /* ContentView.swift */ = {isa = PBXFileReference; lastKnownFileType = sourcecode.swift; path = ContentView.swift; sourceTree = "<group>"; };
		4A328D0B2C7618AA00FEE739 /* Assets.xcassets */ = {isa = PBXFileReference; lastKnownFileType = folder.assetcatalog; path = Assets.xcassets; sourceTree = "<group>"; };
		4A328D0E2C7618AA00FEE739 /* Preview Assets.xcassets */ = {isa = PBXFileReference; lastKnownFileType = folder.assetcatalog; path = "Preview Assets.xcassets"; sourceTree = "<group>"; };
		4A328D142C7618AA00FEE739 /* bluemoon123Tests.xctest */ = {isa = PBXFileReference; explicitFileType = wrapper.cfbundle; includeInIndex = 0; path = bluemoon123Tests.xctest; sourceTree = BUILT_PRODUCTS_DIR; };
		4A328D182C7618AA00FEE739 /* bluemoon123Tests.swift */ = {isa = PBXFileReference; lastKnownFileType = sourcecode.swift; path = bluemoon123Tests.swift; sourceTree = "<group>"; };
		4A328D1E2C7618AA00FEE739 /* bluemoon123UITests.xctest */ = {isa = PBXFileReference; explicitFileType = wrapper.cfbundle; includeInIndex = 0; path = bluemoon123UITests.xctest; sourceTree = BUILT_PRODUCTS_DIR; };
		4A328D222C7618AA00FEE739 /* bluemoon123UITests.swift */ = {isa = PBXFileReference; lastKnownFileType = sourcecode.swift; path = bluemoon123UITests.swift; sourceTree = "<group>"; };
		4A328D242C7618AA00FEE739 /* bluemoon123UITestsLaunchTests.swift */ = {isa = PBXFileReference; lastKnownFileType = sourcecode.swift; path = bluemoon123UITestsLaunchTests.swift; sourceTree = "<group>"; };
/* End PBXFileReference section */

/* Begin PBXFrameworksBuildPhase section */
		4A328D012C7618A800FEE739 /* Frameworks */ = {
			isa = PBXFrameworksBuildPhase;
			buildActionMask = 2147483647;
			files = (
			);
			runOnlyForDeploymentPostprocessing = 0;
		};
		4A328D112C7618AA00FEE739 /* Frameworks */ = {
			isa = PBXFrameworksBuildPhase;
			buildActionMask = 2147483647;
			files = (
			);
			runOnlyForDeploymentPostprocessing = 0;
		};
		4A328D1B2C7618AA00FEE739 /* Frameworks */ = {
			isa = PBXFrameworksBuildPhase;
			buildActionMask = 2147483647;
			files = (
			);
			runOnlyForDeploymentPostprocessing = 0;
		};
/* End PBXFrameworksBuildPhase section */

/* Begin PBXGroup section */
		4A328CFB2C7618A800FEE739 = {
			isa = PBXGroup;
			children = (
				4A328D062C7618A900FEE739 /* bluemoon123 */,
				4A328D172C7618AA00FEE739 /* bluemoon123Tests */,
				4A328D212C7618AA00FEE739 /* bluemoon123UITests */,
				4A328D052C7618A800FEE739 /* Products */,
			);
			sourceTree = "<group>";
		};
		4A328D052C7618A800FEE739 /* Products */ = {
			isa = PBXGroup;
			children = (
				4A328D042C7618A800FEE739 /* bluemoon123.app */,
				4A328D142C7618AA00FEE739 /* bluemoon123Tests.xctest */,
				4A328D1E2C7618AA00FEE739 /* bluemoon123UITests.xctest */,
			);
			name = Products;
			sourceTree = "<group>";
		};
		4A328D062C7618A900FEE739 /* bluemoon123 */ = {
			isa = PBXGroup;
			children = (
				4A328D072C7618A900FEE739 /* bluemoon123App.swift */,
				4A328D092C7618A900FEE739 /* ContentView.swift */,
				4A328D0B2C7618AA00FEE739 /* Assets.xcassets */,
				4A328D0D2C7618AA00FEE739 /* Preview Content */,
			);
			path = bluemoon123;
			sourceTree = "<group>";
		};
		4A328D0D2C7618AA00FEE739 /* Preview Content */ = {
			isa = PBXGroup;
			children = (
				4A328D0E2C7618AA00FEE739 /* Preview Assets.xcassets */,
			);
			path = "Preview Content";
			sourceTree = "<group>";
		};
		4A328D172C7618AA00FEE739 /* bluemoon123Tests */ = {
			isa = PBXGroup;
			children = (
				4A328D182C7618AA00FEE739 /* bluemoon123Tests.swift */,
			);
			path = bluemoon123Tests;
			sourceTree = "<group>";
		};
		4A328D212C7618AA00FEE739 /* bluemoon123UITests */ = {
			isa = PBXGroup;
			children = (
				4A328D222C7618AA00FEE739 /* bluemoon123UITests.swift */,
				4A328D242C7618AA00FEE739 /* bluemoon123UITestsLaunchTests.swift */,
			);
			path = bluemoon123UITests;
			sourceTree = "<group>";
		};
/* End PBXGroup section */

/* Begin PBXNativeTarget section */
		4A328D032C7618A800FEE739 /* bluemoon123 */ = {
			isa = PBXNativeTarget;
			buildConfigurationList = 4A328D282C7618AA00FEE739 /* Build configuration list for PBXNativeTarget "bluemoon123" */;
			buildPhases = (
				4A328D002C7618A800FEE739 /* Sources */,
				4A328D012C7618A800FEE739 /* Frameworks */,
				4A328D022C7618A800FEE739 /* Resources */,
			);
			buildRules = (
			);
			dependencies = (
			);
			name = bluemoon123;
			productName = bluemoon123;
			productReference = 4A328D042C7618A800FEE739 /* bluemoon123.app */;
			productType = "com.apple.product-type.application";
		};
		4A328D132C7618AA00FEE739 /* bluemoon123Tests */ = {
			isa = PBXNativeTarget;
			buildConfigurationList = 4A328D2B2C7618AA00FEE739 /* Build configuration list for PBXNativeTarget "bluemoon123Tests" */;
			buildPhases = (
				4A328D102C7618AA00FEE739 /* Sources */,
				4A328D112C7618AA00FEE739 /* Frameworks */,
				4A328D122C7618AA00FEE739 /* Resources */,
			);
			buildRules = (
			);
			dependencies = (
				4A328D162C7618AA00FEE739 /* PBXTargetDependency */,
			);
			name = bluemoon123Tests;
			productName = bluemoon123Tests;
			productReference = 4A328D142C7618AA00FEE739 /* bluemoon123Tests.xctest */;
			productType = "com.apple.product-type.bundle.unit-test";
		};
		4A328D1D2C7618AA00FEE739 /* bluemoon123UITests */ = {
			isa = PBXNativeTarget;
			buildConfigurationList = 4A328D2E2C7618AA00FEE739 /* Build configuration list for PBXNativeTarget "bluemoon123UITests" */;
			buildPhases = (
				4A328D1A2C7618AA00FEE739 /* Sources */,
				4A328D1B2C7618AA00FEE739 /* Frameworks */,
				4A328D1C2C7618AA00FEE739 /* Resources */,
			);
			buildRules = (
			);
			dependencies = (
				4A328D202C7618AA00FEE739 /* PBXTargetDependency */,
			);
			name = bluemoon123UITests;
			productName = bluemoon123UITests;
			productReference = 4A328D1E2C7618AA00FEE739 /* bluemoon123UITests.xctest */;
			productType = "com.apple.product-type.bundle.ui-testing";
		};
/* End PBXNativeTarget section */

/* Begin PBXProject section */
		4A328CFC2C7618A800FEE739 /* Project object */ = {
			isa = PBXProject;
			attributes = {
				BuildIndependentTargetsInParallel = 1;
				LastSwiftUpdateCheck = 1540;
				LastUpgradeCheck = 1540;
				TargetAttributes = {
					4A328D032C7618A800FEE739 = {
						CreatedOnToolsVersion = 15.4;
					};
					4A328D132C7618AA00FEE739 = {
						CreatedOnToolsVersion = 15.4;
						TestTargetID = 4A328D032C7618A800FEE739;
					};
					4A328D1D2C7618AA00FEE739 = {
						CreatedOnToolsVersion = 15.4;
						TestTargetID = 4A328D032C7618A800FEE739;
					};
				};
			};
			buildConfigurationList = 4A328CFF2C7618A800FEE739 /* Build configuration list for PBXProject "bluemoon123" */;
			compatibilityVersion = "Xcode 14.0";
			developmentRegion = en;
			hasScannedForEncodings = 0;
			knownRegions = (
				en,
				Base,
			);
			mainGroup = 4A328CFB2C7618A800FEE739;
			productRefGroup = 4A328D052C7618A800FEE739 /* Products */;
			projectDirPath = "";
			projectRoot = "";
			targets = (
				4A328D032C7618A800FEE739 /* bluemoon123 */,
				4A328D132C7618AA00FEE739 /* bluemoon123Tests */,
				4A328D1D2C7618AA00FEE739 /* bluemoon123UITests */,
			);
		};
/* End PBXProject section */

/* Begin PBXResourcesBuildPhase section */
		4A328D022C7618A800FEE739 /* Resources */ = {
			isa = PBXResourcesBuildPhase;
			buildActionMask = 2147483647;
			files = (
				4A328D0F2C7618AA00FEE739 /* Preview Assets.xcassets in Resources */,
				4A328D0C2C7618AA00FEE739 /* Assets.xcassets in Resources */,
			);
			runOnlyForDeploymentPostprocessing = 0;
		};
		4A328D122C7618AA00FEE739 /* Resources */ = {
			isa = PBXResourcesBuildPhase;
			buildActionMask = 2147483647;
			files = (
			);
			runOnlyForDeploymentPostprocessing = 0;
		};
		4A328D1C2C7618AA00FEE739 /* Resources */ = {
			isa = PBXResourcesBuildPhase;
			buildActionMask = 2147483647;
			files = (
			);
			runOnlyForDeploymentPostprocessing = 0;
		};
/* End PBXResourcesBuildPhase section */

/* Begin PBXSourcesBuildPhase section */
		4A328D002C7618A800FEE739 /* Sources */ = {
			isa = PBXSourcesBuildPhase;
			buildActionMask = 2147483647;
			files = (
				4A328D0A2C7618A900FEE739 /* ContentView.swift in Sources */,
				4A328D082C7618A900FEE739 /* bluemoon123App.swift in Sources */,
			);
			runOnlyForDeploymentPostprocessing = 0;
		};
		4A328D102C7618AA00FEE739 /* Sources */ = {
			isa = PBXSourcesBuildPhase;
			buildActionMask = 2147483647;
			files = (
				4A328D192C7618AA00FEE739 /* bluemoon123Tests.swift in Sources */,
			);
			runOnlyForDeploymentPostprocessing = 0;
		};
		4A328D1A2C7618AA00FEE739 /* Sources */ = {
			isa = PBXSourcesBuildPhase;
			buildActionMask = 2147483647;
			files = (
				4A328D252C7618AA00FEE739 /* bluemoon123UITestsLaunchTests.swift in Sources */,
				4A328D232C7618AA00FEE739 /* bluemoon123UITests.swift in Sources */,
			);
			runOnlyForDeploymentPostprocessing = 0;
		};
/* End PBXSourcesBuildPhase section */

/* Begin PBXTargetDependency section */
		4A328D162C7618AA00FEE739 /* PBXTargetDependency */ = {
			isa = PBXTargetDependency;
			target = 4A328D032C7618A800FEE739 /* bluemoon123 */;
			targetProxy = 4A328D152C7618AA00FEE739 /* PBXContainerItemProxy */;
		};
		4A328D202C7618AA00FEE739 /* PBXTargetDependency */ = {
			isa = PBXTargetDependency;
			target = 4A328D032C7618A800FEE739 /* bluemoon123 */;
			targetProxy = 4A328D1F2C7618AA00FEE739 /* PBXContainerItemProxy */;
		};
/* End PBXTargetDependency section */

/* Begin XCBuildConfiguration section */
		4A328D262C7618AA00FEE739 /* Debug */ = {
			isa = XCBuildConfiguration;
			buildSettings = {
				ALWAYS_SEARCH_USER_PATHS = NO;
				ASSETCATALOG_COMPILER_GENERATE_SWIFT_ASSET_SYMBOL_EXTENSIONS = YES;
				CLANG_ANALYZER_NONNULL = YES;
				CLANG_ANALYZER_NUMBER_OBJECT_CONVERSION = YES_AGGRESSIVE;
				CLANG_CXX_LANGUAGE_STANDARD = "gnu++20";
				CLANG_ENABLE_MODULES = YES;
				CLANG_ENABLE_OBJC_ARC = YES;
				CLANG_ENABLE_OBJC_WEAK = YES;
				CLANG_WARN_BLOCK_CAPTURE_AUTORELEASING = YES;
				CLANG_WARN_BOOL_CONVERSION = YES;
				CLANG_WARN_COMMA = YES;
				CLANG_WARN_CONSTANT_CONVERSION = YES;
				CLANG_WARN_DEPRECATED_OBJC_IMPLEMENTATIONS = YES;
				CLANG_WARN_DIRECT_OBJC_ISA_USAGE = YES_ERROR;
				CLANG_WARN_DOCUMENTATION_COMMENTS = YES;
				CLANG_WARN_EMPTY_BODY = YES;
				CLANG_WARN_ENUM_CONVERSION = YES;
				CLANG_WARN_INFINITE_RECURSION = YES;
				CLANG_WARN_INT_CONVERSION = YES;
				CLANG_WARN_NON_LITERAL_NULL_CONVERSION = YES;
				CLANG_WARN_OBJC_IMPLICIT_RETAIN_SELF = YES;
				CLANG_WARN_OBJC_LITERAL_CONVERSION = YES;
				CLANG_WARN_OBJC_ROOT_CLASS = YES_ERROR;
				CLANG_WARN_QUOTED_INCLUDE_IN_FRAMEWORK_HEADER = YES;
				CLANG_WARN_RANGE_LOOP_ANALYSIS = YES;
				CLANG_WARN_STRICT_PROTOTYPES = YES;
				CLANG_WARN_SUSPICIOUS_MOVE = YES;
				CLANG_WARN_UNGUARDED_AVAILABILITY = YES_AGGRESSIVE;
				CLANG_WARN_UNREACHABLE_CODE = YES;
				CLANG_WARN__DUPLICATE_METHOD_MATCH = YES;
				COPY_PHASE_STRIP = NO;
				DEBUG_INFORMATION_FORMAT = dwarf;
				ENABLE_STRICT_OBJC_MSGSEND = YES;
				ENABLE_TESTABILITY = YES;
				ENABLE_USER_SCRIPT_SANDBOXING = YES;
				GCC_C_LANGUAGE_STANDARD = gnu17;
				GCC_DYNAMIC_NO_PIC = NO;
				GCC_NO_COMMON_BLOCKS = YES;
				GCC_OPTIMIZATION_LEVEL = 0;
				GCC_PREPROCESSOR_DEFINITIONS = (
					"DEBUG=1",
					"$(inherited)",
				);
				GCC_WARN_64_TO_32_BIT_CONVERSION = YES;
				GCC_WARN_ABOUT_RETURN_TYPE = YES_ERROR;
				GCC_WARN_UNDECLARED_SELECTOR = YES;
				GCC_WARN_UNINITIALIZED_AUTOS = YES_AGGRESSIVE;
				GCC_WARN_UNUSED_FUNCTION = YES;
				GCC_WARN_UNUSED_VARIABLE = YES;
				IPHONEOS_DEPLOYMENT_TARGET = 17.5;
				LOCALIZATION_PREFERS_STRING_CATALOGS = YES;
				MTL_ENABLE_DEBUG_INFO = INCLUDE_SOURCE;
				MTL_FAST_MATH = YES;
				ONLY_ACTIVE_ARCH = YES;
				SDKROOT = iphoneos;
				SWIFT_ACTIVE_COMPILATION_CONDITIONS = "DEBUG $(inherited)";
				SWIFT_OPTIMIZATION_LEVEL = "-Onone";
			};
			name = Debug;
		};
		4A328D272C7618AA00FEE739 /* Release */ = {
			isa = XCBuildConfiguration;
			buildSettings = {
				ALWAYS_SEARCH_USER_PATHS = NO;
				ASSETCATALOG_COMPILER_GENERATE_SWIFT_ASSET_SYMBOL_EXTENSIONS = YES;
				CLANG_ANALYZER_NONNULL = YES;
				CLANG_ANALYZER_NUMBER_OBJECT_CONVERSION = YES_AGGRESSIVE;
				CLANG_CXX_LANGUAGE_STANDARD = "gnu++20";
				CLANG_ENABLE_MODULES = YES;
				CLANG_ENABLE_OBJC_ARC = YES;
				CLANG_ENABLE_OBJC_WEAK = YES;
				CLANG_WARN_BLOCK_CAPTURE_AUTORELEASING = YES;
				CLANG_WARN_BOOL_CONVERSION = YES;
				CLANG_WARN_COMMA = YES;
				CLANG_WARN_CONSTANT_CONVERSION = YES;
				CLANG_WARN_DEPRECATED_OBJC_IMPLEMENTATIONS = YES;
				CLANG_WARN_DIRECT_OBJC_ISA_USAGE = YES_ERROR;
				CLANG_WARN_DOCUMENTATION_COMMENTS = YES;
				CLANG_WARN_EMPTY_BODY = YES;
				CLANG_WARN_ENUM_CONVERSION = YES;
				CLANG_WARN_INFINITE_RECURSION = YES;
				CLANG_WARN_INT_CONVERSION = YES;
				CLANG_WARN_NON_LITERAL_NULL_CONVERSION = YES;
				CLANG_WARN_OBJC_IMPLICIT_RETAIN_SELF = YES;
				CLANG_WARN_OBJC_LITERAL_CONVERSION = YES;
				CLANG_WARN_OBJC_ROOT_CLASS = YES_ERROR;
				CLANG_WARN_QUOTED_INCLUDE_IN_FRAMEWORK_HEADER = YES;
				CLANG_WARN_RANGE_LOOP_ANALYSIS = YES;
				CLANG_WARN_STRICT_PROTOTYPES = YES;
				CLANG_WARN_SUSPICIOUS_MOVE = YES;
				CLANG_WARN_UNGUARDED_AVAILABILITY = YES_AGGRESSIVE;
				CLANG_WARN_UNREACHABLE_CODE = YES;
				CLANG_WARN__DUPLICATE_METHOD_MATCH = YES;
				COPY_PHASE_STRIP = NO;
				DEBUG_INFORMATION_FORMAT = "dwarf-with-dsym";
				ENABLE_NS_ASSERTIONS = NO;
				ENABLE_STRICT_OBJC_MSGSEND = YES;
				ENABLE_USER_SCRIPT_SANDBOXING = YES;
				GCC_C_LANGUAGE_STANDARD = gnu17;
				GCC_NO_COMMON_BLOCKS = YES;
				GCC_WARN_64_TO_32_BIT_CONVERSION = YES;
				GCC_WARN_ABOUT_RETURN_TYPE = YES_ERROR;
				GCC_WARN_UNDECLARED_SELECTOR = YES;
				GCC_WARN_UNINITIALIZED_AUTOS = YES_AGGRESSIVE;
				GCC_WARN_UNUSED_FUNCTION = YES;
				GCC_WARN_UNUSED_VARIABLE = YES;
				IPHONEOS_DEPLOYMENT_TARGET = 17.5;
				LOCALIZATION_PREFERS_STRING_CATALOGS = YES;
				MTL_ENABLE_DEBUG_INFO = NO;
				MTL_FAST_MATH = YES;
				SDKROOT = iphoneos;
				SWIFT_COMPILATION_MODE = wholemodule;
				VALIDATE_PRODUCT = YES;
			};
			name = Release;
		};
		4A328D292C7618AA00FEE739 /* Debug */ = {
			isa = XCBuildConfiguration;
			buildSettings = {
				ASSETCATALOG_COMPILER_APPICON_NAME = AppIcon;
				ASSETCATALOG_COMPILER_GLOBAL_ACCENT_COLOR_NAME = AccentColor;
				CODE_SIGN_STYLE = Automatic;
				CURRENT_PROJECT_VERSION = 1;
				DEVELOPMENT_ASSET_PATHS = "\"bluemoon123/Preview Content\"";
				DEVELOPMENT_TEAM = 4MU6QM22C8;
				ENABLE_PREVIEWS = YES;
				GENERATE_INFOPLIST_FILE = YES;
				INFOPLIST_KEY_UIApplicationSceneManifest_Generation = YES;
				INFOPLIST_KEY_UIApplicationSupportsIndirectInputEvents = YES;
				INFOPLIST_KEY_UILaunchScreen_Generation = YES;
				INFOPLIST_KEY_UISupportedInterfaceOrientations_iPad = "UIInterfaceOrientationPortrait UIInterfaceOrientationPortraitUpsideDown UIInterfaceOrientationLandscapeLeft UIInterfaceOrientationLandscapeRight";
				INFOPLIST_KEY_UISupportedInterfaceOrientations_iPhone = "UIInterfaceOrientationPortrait UIInterfaceOrientationLandscapeLeft UIInterfaceOrientationLandscapeRight";
				LD_RUNPATH_SEARCH_PATHS = (
					"$(inherited)",
					"@executable_path/Frameworks",
				);
				MARKETING_VERSION = 1.0;
				PRODUCT_BUNDLE_IDENTIFIER = com.bluemoon.ios.bluemoon123;
				PRODUCT_NAME = "$(TARGET_NAME)";
				SWIFT_EMIT_LOC_STRINGS = YES;
				SWIFT_VERSION = 5.0;
				TARGETED_DEVICE_FAMILY = "1,2";
			};
			name = Debug;
		};
		4A328D2A2C7618AA00FEE739 /* Release */ = {
			isa = XCBuildConfiguration;
			buildSettings = {
				ASSETCATALOG_COMPILER_APPICON_NAME = AppIcon;
				ASSETCATALOG_COMPILER_GLOBAL_ACCENT_COLOR_NAME = AccentColor;
				CODE_SIGN_STYLE = Automatic;
				CURRENT_PROJECT_VERSION = 1;
				DEVELOPMENT_ASSET_PATHS = "\"bluemoon123/Preview Content\"";
				DEVELOPMENT_TEAM = 4MU6QM22C8;
				ENABLE_PREVIEWS = YES;
				GENERATE_INFOPLIST_FILE = YES;
				INFOPLIST_KEY_UIApplicationSceneManifest_Generation = YES;
				INFOPLIST_KEY_UIApplicationSupportsIndirectInputEvents = YES;
				INFOPLIST_KEY_UILaunchScreen_Generation = YES;
				INFOPLIST_KEY_UISupportedInterfaceOrientations_iPad = "UIInterfaceOrientationPortrait UIInterfaceOrientationPortraitUpsideDown UIInterfaceOrientationLandscapeLeft UIInterfaceOrientationLandscapeRight";
				INFOPLIST_KEY_UISupportedInterfaceOrientations_iPhone = "UIInterfaceOrientationPortrait UIInterfaceOrientationLandscapeLeft UIInterfaceOrientationLandscapeRight";
				LD_RUNPATH_SEARCH_PATHS = (
					"$(inherited)",
					"@executable_path/Frameworks",
				);
				MARKETING_VERSION = 1.0;
				PRODUCT_BUNDLE_IDENTIFIER = com.bluemoon.ios.bluemoon123;
				PRODUCT_NAME = "$(TARGET_NAME)";
				SWIFT_EMIT_LOC_STRINGS = YES;
				SWIFT_VERSION = 5.0;
				TARGETED_DEVICE_FAMILY = "1,2";
			};
			name = Release;
		};
		4A328D2C2C7618AA00FEE739 /* Debug */ = {
			isa = XCBuildConfiguration;
			buildSettings = {
				ALWAYS_EMBED_SWIFT_STANDARD_LIBRARIES = YES;
				BUNDLE_LOADER = "$(TEST_HOST)";
				CODE_SIGN_STYLE = Automatic;
				CURRENT_PROJECT_VERSION = 1;
				DEVELOPMENT_TEAM = 4MU6QM22C8;
				GENERATE_INFOPLIST_FILE = YES;
				IPHONEOS_DEPLOYMENT_TARGET = 17.5;
				MARKETING_VERSION = 1.0;
				PRODUCT_BUNDLE_IDENTIFIER = com.bluemoon.ios.bluemoon123Tests;
				PRODUCT_NAME = "$(TARGET_NAME)";
				SWIFT_EMIT_LOC_STRINGS = NO;
				SWIFT_VERSION = 5.0;
				TARGETED_DEVICE_FAMILY = "1,2";
				TEST_HOST = "$(BUILT_PRODUCTS_DIR)/bluemoon123.app/$(BUNDLE_EXECUTABLE_FOLDER_PATH)/bluemoon123";
			};
			name = Debug;
		};
		4A328D2D2C7618AA00FEE739 /* Release */ = {
			isa = XCBuildConfiguration;
			buildSettings = {
				ALWAYS_EMBED_SWIFT_STANDARD_LIBRARIES = YES;
				BUNDLE_LOADER = "$(TEST_HOST)";
				CODE_SIGN_STYLE = Automatic;
				CURRENT_PROJECT_VERSION = 1;
				DEVELOPMENT_TEAM = 4MU6QM22C8;
				GENERATE_INFOPLIST_FILE = YES;
				IPHONEOS_DEPLOYMENT_TARGET = 17.5;
				MARKETING_VERSION = 1.0;
				PRODUCT_BUNDLE_IDENTIFIER = com.bluemoon.ios.bluemoon123Tests;
				PRODUCT_NAME = "$(TARGET_NAME)";
				SWIFT_EMIT_LOC_STRINGS = NO;
				SWIFT_VERSION = 5.0;
				TARGETED_DEVICE_FAMILY = "1,2";
				TEST_HOST = "$(BUILT_PRODUCTS_DIR)/bluemoon123.app/$(BUNDLE_EXECUTABLE_FOLDER_PATH)/bluemoon123";
			};
			name = Release;
		};
		4A328D2F2C7618AA00FEE739 /* Debug */ = {
			isa = XCBuildConfiguration;
			buildSettings = {
				ALWAYS_EMBED_SWIFT_STANDARD_LIBRARIES = YES;
				CODE_SIGN_STYLE = Automatic;
				CURRENT_PROJECT_VERSION = 1;
				DEVELOPMENT_TEAM = 4MU6QM22C8;
				GENERATE_INFOPLIST_FILE = YES;
				MARKETING_VERSION = 1.0;
				PRODUCT_BUNDLE_IDENTIFIER = com.bluemoon.ios.bluemoon123UITests;
				PRODUCT_NAME = "$(TARGET_NAME)";
				SWIFT_EMIT_LOC_STRINGS = NO;
				SWIFT_VERSION = 5.0;
				TARGETED_DEVICE_FAMILY = "1,2";
				TEST_TARGET_NAME = bluemoon123;
			};
			name = Debug;
		};
		4A328D302C7618AA00FEE739 /* Release */ = {
			isa = XCBuildConfiguration;
			buildSettings = {
				ALWAYS_EMBED_SWIFT_STANDARD_LIBRARIES = YES;
				CODE_SIGN_STYLE = Automatic;
				CURRENT_PROJECT_VERSION = 1;
				DEVELOPMENT_TEAM = 4MU6QM22C8;
				GENERATE_INFOPLIST_FILE = YES;
				MARKETING_VERSION = 1.0;
				PRODUCT_BUNDLE_IDENTIFIER = com.bluemoon.ios.bluemoon123UITests;
				PRODUCT_NAME = "$(TARGET_NAME)";
				SWIFT_EMIT_LOC_STRINGS = NO;
				SWIFT_VERSION = 5.0;
				TARGETED_DEVICE_FAMILY = "1,2";
				TEST_TARGET_NAME = bluemoon123;
			};
			name = Release;
		};
/* End XCBuildConfiguration section */

/* Begin XCConfigurationList section */
		4A328CFF2C7618A800FEE739 /* Build configuration list for PBXProject "bluemoon123" */ = {
			isa = XCConfigurationList;
			buildConfigurations = (
				4A328D262C7618AA00FEE739 /* Debug */,
				4A328D272C7618AA00FEE739 /* Release */,
			);
			defaultConfigurationIsVisible = 0;
			defaultConfigurationName = Release;
		};
		4A328D282C7618AA00FEE739 /* Build configuration list for PBXNativeTarget "bluemoon123" */ = {
			isa = XCConfigurationList;
			buildConfigurations = (
				4A328D292C7618AA00FEE739 /* Debug */,
				4A328D2A2C7618AA00FEE739 /* Release */,
			);
			defaultConfigurationIsVisible = 0;
			defaultConfigurationName = Release;
		};
		4A328D2B2C7618AA00FEE739 /* Build configuration list for PBXNativeTarget "bluemoon123Tests" */ = {
			isa = XCConfigurationList;
			buildConfigurations = (
				4A328D2C2C7618AA00FEE739 /* Debug */,
				4A328D2D2C7618AA00FEE739 /* Release */,
			);
			defaultConfigurationIsVisible = 0;
			defaultConfigurationName = Release;
		};
		4A328D2E2C7618AA00FEE739 /* Build configuration list for PBXNativeTarget "bluemoon123UITests" */ = {
			isa = XCConfigurationList;
			buildConfigurations = (
				4A328D2F2C7618AA00FEE739 /* Debug */,
				4A328D302C7618AA00FEE739 /* Release */,
			);
			defaultConfigurationIsVisible = 0;
			defaultConfigurationName = Release;
		};
/* End XCConfigurationList section */
	};
	rootObject = 4A328CFC2C7618A800FEE739 /* Project object */;
}
